// !$*UTF8*$!
{
	archiveVersion = 1;
	classes = {
	};
	objectVersion = 46;
	objects = {

/* Begin PBXBuildFile section */
		F228FF9818E7DE8B000F12B6 /* WebKit.framework in Frameworks */ = {isa = PBXBuildFile; fileRef = F228FF9718E7DE8B000F12B6 /* WebKit.framework */; };
		F228FF9C18E7E564000F12B6 /* index.html in CopyFiles */ = {isa = PBXBuildFile; fileRef = F24042AB18E72E8300C5BEA6 /* index.html */; };
		F228FF9E18E7E599000F12B6 /* animframe_polyfill.js in CopyFiles */ = {isa = PBXBuildFile; fileRef = F24042AD18E72E8300C5BEA6 /* animframe_polyfill.js */; };
		F228FF9F18E7E599000F12B6 /* application.js in CopyFiles */ = {isa = PBXBuildFile; fileRef = F24042AE18E72E8300C5BEA6 /* application.js */; };
		F228FFA118E7E599000F12B6 /* classlist_polyfill.js in CopyFiles */ = {isa = PBXBuildFile; fileRef = F24042B018E72E8300C5BEA6 /* classlist_polyfill.js */; };
		F228FFA218E7E599000F12B6 /* game_manager.js in CopyFiles */ = {isa = PBXBuildFile; fileRef = F24042B118E72E8300C5BEA6 /* game_manager.js */; };
		F228FFA318E7E599000F12B6 /* grid.js in CopyFiles */ = {isa = PBXBuildFile; fileRef = F24042B218E72E8300C5BEA6 /* grid.js */; };
		F228FFA418E7E599000F12B6 /* html_actuator.js in CopyFiles */ = {isa = PBXBuildFile; fileRef = F24042B318E72E8300C5BEA6 /* html_actuator.js */; };
		F228FFA518E7E599000F12B6 /* keyboard_input_manager.js in CopyFiles */ = {isa = PBXBuildFile; fileRef = F24042B418E72E8300C5BEA6 /* keyboard_input_manager.js */; };
		F228FFA618E7E599000F12B6 /* local_storage_manager.js in CopyFiles */ = {isa = PBXBuildFile; fileRef = F24042B518E72E8300C5BEA6 /* local_storage_manager.js */; };
		F228FFA718E7E599000F12B6 /* tile.js in CopyFiles */ = {isa = PBXBuildFile; fileRef = F24042B618E72E8300C5BEA6 /* tile.js */; };
		F228FFAC18E7E5E8000F12B6 /* main.css in CopyFiles */ = {isa = PBXBuildFile; fileRef = F24042C918E72E8300C5BEA6 /* main.css */; };
		F228FFAF18E7E5FF000F12B6 /* clear-sans.css in CopyFiles */ = {isa = PBXBuildFile; fileRef = F24042BE18E72E8300C5BEA6 /* clear-sans.css */; };
		F228FFB018E7E5FF000F12B6 /* ClearSans-Bold-webfont.eot in CopyFiles */ = {isa = PBXBuildFile; fileRef = F24042BF18E72E8300C5BEA6 /* ClearSans-Bold-webfont.eot */; };
		F228FFB118E7E5FF000F12B6 /* ClearSans-Bold-webfont.svg in CopyFiles */ = {isa = PBXBuildFile; fileRef = F24042C018E72E8300C5BEA6 /* ClearSans-Bold-webfont.svg */; };
		F228FFB218E7E5FF000F12B6 /* ClearSans-Bold-webfont.woff in CopyFiles */ = {isa = PBXBuildFile; fileRef = F24042C118E72E8300C5BEA6 /* ClearSans-Bold-webfont.woff */; };
		F24042A418E5AC1100C5BEA6 /* GTSSGameState.c in Sources */ = {isa = PBXBuildFile; fileRef = F24042A318E5AC1100C5BEA6 /* GTSSGameState.c */; };
		F2C7497818DE7E3300D9472A /* Cocoa.framework in Frameworks */ = {isa = PBXBuildFile; fileRef = F2C7497718DE7E3300D9472A /* Cocoa.framework */; };
		F2C7498218DE7E3300D9472A /* InfoPlist.strings in Resources */ = {isa = PBXBuildFile; fileRef = F2C7498018DE7E3300D9472A /* InfoPlist.strings */; };
		F2C7498418DE7E3300D9472A /* main.m in Sources */ = {isa = PBXBuildFile; fileRef = F2C7498318DE7E3300D9472A /* main.m */; };
		F2C7498818DE7E3300D9472A /* Credits.rtf in Resources */ = {isa = PBXBuildFile; fileRef = F2C7498618DE7E3300D9472A /* Credits.rtf */; };
		F2C7498B18DE7E3300D9472A /* GTSSAppDelegate.m in Sources */ = {isa = PBXBuildFile; fileRef = F2C7498A18DE7E3300D9472A /* GTSSAppDelegate.m */; };
		F2C7498E18DE7E3300D9472A /* MainMenu.xib in Resources */ = {isa = PBXBuildFile; fileRef = F2C7498C18DE7E3300D9472A /* MainMenu.xib */; };
		F2C7499118DE7E3300D9472A /* _048.xcdatamodeld in Sources */ = {isa = PBXBuildFile; fileRef = F2C7498F18DE7E3300D9472A /* _048.xcdatamodeld */; };
		F2C7499318DE7E3300D9472A /* Images.xcassets in Resources */ = {isa = PBXBuildFile; fileRef = F2C7499218DE7E3300D9472A /* Images.xcassets */; };
		F2C7499A18DE7E3300D9472A /* XCTest.framework in Frameworks */ = {isa = PBXBuildFile; fileRef = F2C7499918DE7E3300D9472A /* XCTest.framework */; };
		F2C7499B18DE7E3300D9472A /* Cocoa.framework in Frameworks */ = {isa = PBXBuildFile; fileRef = F2C7497718DE7E3300D9472A /* Cocoa.framework */; };
		F2C749A318DE7E3300D9472A /* InfoPlist.strings in Resources */ = {isa = PBXBuildFile; fileRef = F2C749A118DE7E3300D9472A /* InfoPlist.strings */; };
		F2C749A518DE7E3300D9472A /* _048Tests.m in Sources */ = {isa = PBXBuildFile; fileRef = F2C749A418DE7E3300D9472A /* _048Tests.m */; };
		F2F7A65B18EB2A4600A74527 /* 2048.iconset in Resources */ = {isa = PBXBuildFile; fileRef = F2F7A65A18EB2A4600A74527 /* 2048.iconset */; };
/* End PBXBuildFile section */

/* Begin PBXContainerItemProxy section */
		F2C7499C18DE7E3300D9472A /* PBXContainerItemProxy */ = {
			isa = PBXContainerItemProxy;
			containerPortal = F2C7496C18DE7E3300D9472A /* Project object */;
			proxyType = 1;
			remoteGlobalIDString = F2C7497318DE7E3300D9472A;
			remoteInfo = 2048;
		};
/* End PBXContainerItemProxy section */

/* Begin PBXCopyFilesBuildPhase section */
		F228FF9918E7E3CC000F12B6 /* CopyFiles */ = {
			isa = PBXCopyFilesBuildPhase;
			buildActionMask = 2147483647;
			dstPath = web;
			dstSubfolderSpec = 7;
			files = (
				F228FF9C18E7E564000F12B6 /* index.html in CopyFiles */,
			);
			runOnlyForDeploymentPostprocessing = 0;
		};
		F228FF9D18E7E58C000F12B6 /* CopyFiles */ = {
			isa = PBXCopyFilesBuildPhase;
			buildActionMask = 2147483647;
			dstPath = web/js;
			dstSubfolderSpec = 7;
			files = (
				F228FF9E18E7E599000F12B6 /* animframe_polyfill.js in CopyFiles */,
				F228FF9F18E7E599000F12B6 /* application.js in CopyFiles */,
				F228FFA118E7E599000F12B6 /* classlist_polyfill.js in CopyFiles */,
				F228FFA218E7E599000F12B6 /* game_manager.js in CopyFiles */,
				F228FFA318E7E599000F12B6 /* grid.js in CopyFiles */,
				F228FFA418E7E599000F12B6 /* html_actuator.js in CopyFiles */,
				F228FFA518E7E599000F12B6 /* keyboard_input_manager.js in CopyFiles */,
				F228FFA618E7E599000F12B6 /* local_storage_manager.js in CopyFiles */,
				F228FFA718E7E599000F12B6 /* tile.js in CopyFiles */,
			);
			runOnlyForDeploymentPostprocessing = 0;
		};
		F228FFAA18E7E5D9000F12B6 /* CopyFiles */ = {
			isa = PBXCopyFilesBuildPhase;
			buildActionMask = 2147483647;
			dstPath = web/style;
			dstSubfolderSpec = 7;
			files = (
				F228FFAC18E7E5E8000F12B6 /* main.css in CopyFiles */,
			);
			runOnlyForDeploymentPostprocessing = 0;
		};
		F228FFAE18E7E5F5000F12B6 /* CopyFiles */ = {
			isa = PBXCopyFilesBuildPhase;
			buildActionMask = 2147483647;
			dstPath = web/style/fonts;
			dstSubfolderSpec = 7;
			files = (
				F228FFAF18E7E5FF000F12B6 /* clear-sans.css in CopyFiles */,
				F228FFB018E7E5FF000F12B6 /* ClearSans-Bold-webfont.eot in CopyFiles */,
				F228FFB118E7E5FF000F12B6 /* ClearSans-Bold-webfont.svg in CopyFiles */,
				F228FFB218E7E5FF000F12B6 /* ClearSans-Bold-webfont.woff in CopyFiles */,
			);
			runOnlyForDeploymentPostprocessing = 0;
		};
/* End PBXCopyFilesBuildPhase section */

/* Begin PBXFileReference section */
		F228FF9718E7DE8B000F12B6 /* WebKit.framework */ = {isa = PBXFileReference; lastKnownFileType = wrapper.framework; name = WebKit.framework; path = System/Library/Frameworks/WebKit.framework; sourceTree = SDKROOT; };
		F24042A318E5AC1100C5BEA6 /* GTSSGameState.c */ = {isa = PBXFileReference; fileEncoding = 4; lastKnownFileType = sourcecode.c.c; path = GTSSGameState.c; sourceTree = "<group>"; };
		F24042A518E5B4F000C5BEA6 /* GTSSGameState.h */ = {isa = PBXFileReference; fileEncoding = 4; lastKnownFileType = sourcecode.c.h; path = GTSSGameState.h; sourceTree = "<group>"; };
		F24042A918E72E8300C5BEA6 /* CONTRIBUTING.md */ = {isa = PBXFileReference; fileEncoding = 4; lastKnownFileType = text; name = CONTRIBUTING.md; path = ../CONTRIBUTING.md; sourceTree = "<group>"; };
		F24042AB18E72E8300C5BEA6 /* index.html */ = {isa = PBXFileReference; fileEncoding = 4; lastKnownFileType = text.html; path = index.html; sourceTree = "<group>"; };
		F24042AD18E72E8300C5BEA6 /* animframe_polyfill.js */ = {isa = PBXFileReference; fileEncoding = 4; lastKnownFileType = sourcecode.javascript; path = animframe_polyfill.js; sourceTree = "<group>"; };
		F24042AE18E72E8300C5BEA6 /* application.js */ = {isa = PBXFileReference; fileEncoding = 4; lastKnownFileType = sourcecode.javascript; path = application.js; sourceTree = "<group>"; };
		F24042B018E72E8300C5BEA6 /* classlist_polyfill.js */ = {isa = PBXFileReference; fileEncoding = 4; lastKnownFileType = sourcecode.javascript; path = classlist_polyfill.js; sourceTree = "<group>"; };
		F24042B118E72E8300C5BEA6 /* game_manager.js */ = {isa = PBXFileReference; fileEncoding = 4; lastKnownFileType = sourcecode.javascript; path = game_manager.js; sourceTree = "<group>"; };
		F24042B218E72E8300C5BEA6 /* grid.js */ = {isa = PBXFileReference; fileEncoding = 4; lastKnownFileType = sourcecode.javascript; path = grid.js; sourceTree = "<group>"; };
		F24042B318E72E8300C5BEA6 /* html_actuator.js */ = {isa = PBXFileReference; fileEncoding = 4; lastKnownFileType = sourcecode.javascript; path = html_actuator.js; sourceTree = "<group>"; };
		F24042B418E72E8300C5BEA6 /* keyboard_input_manager.js */ = {isa = PBXFileReference; fileEncoding = 4; lastKnownFileType = sourcecode.javascript; path = keyboard_input_manager.js; sourceTree = "<group>"; };
		F24042B518E72E8300C5BEA6 /* local_storage_manager.js */ = {isa = PBXFileReference; fileEncoding = 4; lastKnownFileType = sourcecode.javascript; path = local_storage_manager.js; sourceTree = "<group>"; };
		F24042B618E72E8300C5BEA6 /* tile.js */ = {isa = PBXFileReference; fileEncoding = 4; lastKnownFileType = sourcecode.javascript; path = tile.js; sourceTree = "<group>"; };
		F24042B718E72E8300C5BEA6 /* LICENSE.txt */ = {isa = PBXFileReference; fileEncoding = 4; lastKnownFileType = text; name = LICENSE.txt; path = ../LICENSE.txt; sourceTree = "<group>"; };
		F24042BB18E72E8300C5BEA6 /* README.md */ = {isa = PBXFileReference; fileEncoding = 4; lastKnownFileType = text; name = README.md; path = ../README.md; sourceTree = "<group>"; };
		F24042BE18E72E8300C5BEA6 /* clear-sans.css */ = {isa = PBXFileReference; fileEncoding = 4; lastKnownFileType = text.css; path = "clear-sans.css"; sourceTree = "<group>"; };
		F24042BF18E72E8300C5BEA6 /* ClearSans-Bold-webfont.eot */ = {isa = PBXFileReference; lastKnownFileType = file; path = "ClearSans-Bold-webfont.eot"; sourceTree = "<group>"; };
		F24042C018E72E8300C5BEA6 /* ClearSans-Bold-webfont.svg */ = {isa = PBXFileReference; fileEncoding = 4; lastKnownFileType = text.xml; path = "ClearSans-Bold-webfont.svg"; sourceTree = "<group>"; };
		F24042C118E72E8300C5BEA6 /* ClearSans-Bold-webfont.woff */ = {isa = PBXFileReference; lastKnownFileType = file; path = "ClearSans-Bold-webfont.woff"; sourceTree = "<group>"; };
		F24042C918E72E8300C5BEA6 /* main.css */ = {isa = PBXFileReference; fileEncoding = 4; lastKnownFileType = text.css; path = main.css; sourceTree = "<group>"; };
		F2B6626F18F0027C00E08247 /* Base */ = {isa = PBXFileReference; lastKnownFileType = text.rtf; name = Base; path = Base.lproj/Credits.rtf; sourceTree = "<group>"; };
		F2B6627018F0030B00E08247 /* Base */ = {isa = PBXFileReference; lastKnownFileType = text.plist.strings; name = Base; path = Base.lproj/InfoPlist.strings; sourceTree = "<group>"; };
		F2C7497418DE7E3300D9472A /* 2048.app */ = {isa = PBXFileReference; explicitFileType = wrapper.application; includeInIndex = 0; path = 2048.app; sourceTree = BUILT_PRODUCTS_DIR; };
		F2C7497718DE7E3300D9472A /* Cocoa.framework */ = {isa = PBXFileReference; lastKnownFileType = wrapper.framework; name = Cocoa.framework; path = System/Library/Frameworks/Cocoa.framework; sourceTree = SDKROOT; };
		F2C7497A18DE7E3300D9472A /* AppKit.framework */ = {isa = PBXFileReference; lastKnownFileType = wrapper.framework; name = AppKit.framework; path = System/Library/Frameworks/AppKit.framework; sourceTree = SDKROOT; };
		F2C7497B18DE7E3300D9472A /* CoreData.framework */ = {isa = PBXFileReference; lastKnownFileType = wrapper.framework; name = CoreData.framework; path = System/Library/Frameworks/CoreData.framework; sourceTree = SDKROOT; };
		F2C7497C18DE7E3300D9472A /* Foundation.framework */ = {isa = PBXFileReference; lastKnownFileType = wrapper.framework; name = Foundation.framework; path = System/Library/Frameworks/Foundation.framework; sourceTree = SDKROOT; };
		F2C7497F18DE7E3300D9472A /* 2048-Info.plist */ = {isa = PBXFileReference; lastKnownFileType = text.plist.xml; path = "2048-Info.plist"; sourceTree = "<group>"; };
		F2C7498318DE7E3300D9472A /* main.m */ = {isa = PBXFileReference; lastKnownFileType = sourcecode.c.objc; path = main.m; sourceTree = "<group>"; };
		F2C7498518DE7E3300D9472A /* 2048-Prefix.pch */ = {isa = PBXFileReference; lastKnownFileType = sourcecode.c.h; path = "2048-Prefix.pch"; sourceTree = "<group>"; };
		F2C7498918DE7E3300D9472A /* GTSSAppDelegate.h */ = {isa = PBXFileReference; lastKnownFileType = sourcecode.c.h; path = GTSSAppDelegate.h; sourceTree = "<group>"; };
		F2C7498A18DE7E3300D9472A /* GTSSAppDelegate.m */ = {isa = PBXFileReference; lastKnownFileType = sourcecode.c.objc; path = GTSSAppDelegate.m; sourceTree = "<group>"; };
		F2C7498D18DE7E3300D9472A /* Base */ = {isa = PBXFileReference; lastKnownFileType = file.xib; name = Base; path = Base.lproj/MainMenu.xib; sourceTree = "<group>"; };
		F2C7499018DE7E3300D9472A /* _048.xcdatamodel */ = {isa = PBXFileReference; lastKnownFileType = wrapper.xcdatamodel; path = _048.xcdatamodel; sourceTree = "<group>"; };
		F2C7499218DE7E3300D9472A /* Images.xcassets */ = {isa = PBXFileReference; lastKnownFileType = folder.assetcatalog; path = Images.xcassets; sourceTree = "<group>"; };
		F2C7499818DE7E3300D9472A /* 2048Tests.xctest */ = {isa = PBXFileReference; explicitFileType = wrapper.cfbundle; includeInIndex = 0; path = 2048Tests.xctest; sourceTree = BUILT_PRODUCTS_DIR; };
		F2C7499918DE7E3300D9472A /* XCTest.framework */ = {isa = PBXFileReference; lastKnownFileType = wrapper.framework; name = XCTest.framework; path = Library/Frameworks/XCTest.framework; sourceTree = DEVELOPER_DIR; };
		F2C749A018DE7E3300D9472A /* 2048Tests-Info.plist */ = {isa = PBXFileReference; lastKnownFileType = text.plist.xml; path = "2048Tests-Info.plist"; sourceTree = "<group>"; };
		F2C749A218DE7E3300D9472A /* en */ = {isa = PBXFileReference; lastKnownFileType = text.plist.strings; name = en; path = en.lproj/InfoPlist.strings; sourceTree = "<group>"; };
		F2C749A418DE7E3300D9472A /* _048Tests.m */ = {isa = PBXFileReference; lastKnownFileType = sourcecode.c.objc; path = _048Tests.m; sourceTree = "<group>"; };
		F2F7A65A18EB2A4600A74527 /* 2048.iconset */ = {isa = PBXFileReference; lastKnownFileType = folder.iconset; path = 2048.iconset; sourceTree = "<group>"; };
/* End PBXFileReference section */

/* Begin PBXFrameworksBuildPhase section */
		F2C7497118DE7E3300D9472A /* Frameworks */ = {
			isa = PBXFrameworksBuildPhase;
			buildActionMask = 2147483647;
			files = (
				F228FF9818E7DE8B000F12B6 /* WebKit.framework in Frameworks */,
				F2C7497818DE7E3300D9472A /* Cocoa.framework in Frameworks */,
			);
			runOnlyForDeploymentPostprocessing = 0;
		};
		F2C7499518DE7E3300D9472A /* Frameworks */ = {
			isa = PBXFrameworksBuildPhase;
			buildActionMask = 2147483647;
			files = (
				F2C7499B18DE7E3300D9472A /* Cocoa.framework in Frameworks */,
				F2C7499A18DE7E3300D9472A /* XCTest.framework in Frameworks */,
			);
			runOnlyForDeploymentPostprocessing = 0;
		};
/* End PBXFrameworksBuildPhase section */

/* Begin PBXGroup section */
		F24042A818E72E4300C5BEA6 /* web */ = {
			isa = PBXGroup;
			children = (
				F24042AB18E72E8300C5BEA6 /* index.html */,
				F24042AC18E72E8300C5BEA6 /* js */,
				F24042BC18E72E8300C5BEA6 /* style */,
			);
			path = web;
			sourceTree = "<group>";
		};
		F24042AC18E72E8300C5BEA6 /* js */ = {
			isa = PBXGroup;
			children = (
				F24042AD18E72E8300C5BEA6 /* animframe_polyfill.js */,
				F24042AE18E72E8300C5BEA6 /* application.js */,
				F24042B018E72E8300C5BEA6 /* classlist_polyfill.js */,
				F24042B118E72E8300C5BEA6 /* game_manager.js */,
				F24042B218E72E8300C5BEA6 /* grid.js */,
				F24042B318E72E8300C5BEA6 /* html_actuator.js */,
				F24042B418E72E8300C5BEA6 /* keyboard_input_manager.js */,
				F24042B518E72E8300C5BEA6 /* local_storage_manager.js */,
				F24042B618E72E8300C5BEA6 /* tile.js */,
			);
			path = js;
			sourceTree = "<group>";
		};
		F24042BC18E72E8300C5BEA6 /* style */ = {
			isa = PBXGroup;
			children = (
				F24042BD18E72E8300C5BEA6 /* fonts */,
				F24042C918E72E8300C5BEA6 /* main.css */,
			);
			path = style;
			sourceTree = "<group>";
		};
		F24042BD18E72E8300C5BEA6 /* fonts */ = {
			isa = PBXGroup;
			children = (
				F24042BE18E72E8300C5BEA6 /* clear-sans.css */,
				F24042BF18E72E8300C5BEA6 /* ClearSans-Bold-webfont.eot */,
				F24042C018E72E8300C5BEA6 /* ClearSans-Bold-webfont.svg */,
				F24042C118E72E8300C5BEA6 /* ClearSans-Bold-webfont.woff */,
			);
			path = fonts;
			sourceTree = "<group>";
		};
		F2C7496B18DE7E3300D9472A = {
			isa = PBXGroup;
			children = (
				F2C7497D18DE7E3300D9472A /* 2048 */,
				F2C7499E18DE7E3300D9472A /* 2048Tests */,
				F2C7497618DE7E3300D9472A /* Frameworks */,
				F2C7497518DE7E3300D9472A /* Products */,
			);
			sourceTree = "<group>";
		};
		F2C7497518DE7E3300D9472A /* Products */ = {
			isa = PBXGroup;
			children = (
				F2C7497418DE7E3300D9472A /* 2048.app */,
				F2C7499818DE7E3300D9472A /* 2048Tests.xctest */,
			);
			name = Products;
			sourceTree = "<group>";
		};
		F2C7497618DE7E3300D9472A /* Frameworks */ = {
			isa = PBXGroup;
			children = (
				F228FF9718E7DE8B000F12B6 /* WebKit.framework */,
				F2C7497718DE7E3300D9472A /* Cocoa.framework */,
				F2C7499918DE7E3300D9472A /* XCTest.framework */,
				F2C7497918DE7E3300D9472A /* Other Frameworks */,
			);
			name = Frameworks;
			sourceTree = "<group>";
		};
		F2C7497918DE7E3300D9472A /* Other Frameworks */ = {
			isa = PBXGroup;
			children = (
				F2C7497A18DE7E3300D9472A /* AppKit.framework */,
				F2C7497B18DE7E3300D9472A /* CoreData.framework */,
				F2C7497C18DE7E3300D9472A /* Foundation.framework */,
			);
			name = "Other Frameworks";
			sourceTree = "<group>";
		};
		F2C7497D18DE7E3300D9472A /* 2048 */ = {
			isa = PBXGroup;
			children = (
				F2F7A65A18EB2A4600A74527 /* 2048.iconset */,
				F24042BB18E72E8300C5BEA6 /* README.md */,
				F24042B718E72E8300C5BEA6 /* LICENSE.txt */,
				F24042A918E72E8300C5BEA6 /* CONTRIBUTING.md */,
				F24042A818E72E4300C5BEA6 /* web */,
				F2C7498918DE7E3300D9472A /* GTSSAppDelegate.h */,
				F2C7498A18DE7E3300D9472A /* GTSSAppDelegate.m */,
				F2C7498C18DE7E3300D9472A /* MainMenu.xib */,
				F2C7499218DE7E3300D9472A /* Images.xcassets */,
				F2C7498F18DE7E3300D9472A /* _048.xcdatamodeld */,
				F2C7497E18DE7E3300D9472A /* Supporting Files */,
				F24042A318E5AC1100C5BEA6 /* GTSSGameState.c */,
				F24042A518E5B4F000C5BEA6 /* GTSSGameState.h */,
			);
			path = 2048;
			sourceTree = "<group>";
		};
		F2C7497E18DE7E3300D9472A /* Supporting Files */ = {
			isa = PBXGroup;
			children = (
				F2C7497F18DE7E3300D9472A /* 2048-Info.plist */,
				F2C7498018DE7E3300D9472A /* InfoPlist.strings */,
				F2C7498318DE7E3300D9472A /* main.m */,
				F2C7498518DE7E3300D9472A /* 2048-Prefix.pch */,
				F2C7498618DE7E3300D9472A /* Credits.rtf */,
			);
			name = "Supporting Files";
			sourceTree = "<group>";
		};
		F2C7499E18DE7E3300D9472A /* 2048Tests */ = {
			isa = PBXGroup;
			children = (
				F2C749A418DE7E3300D9472A /* _048Tests.m */,
				F2C7499F18DE7E3300D9472A /* Supporting Files */,
			);
			path = 2048Tests;
			sourceTree = "<group>";
		};
		F2C7499F18DE7E3300D9472A /* Supporting Files */ = {
			isa = PBXGroup;
			children = (
				F2C749A018DE7E3300D9472A /* 2048Tests-Info.plist */,
				F2C749A118DE7E3300D9472A /* InfoPlist.strings */,
			);
			name = "Supporting Files";
			sourceTree = "<group>";
		};
/* End PBXGroup section */

/* Begin PBXNativeTarget section */
		F2C7497318DE7E3300D9472A /* 2048 */ = {
			isa = PBXNativeTarget;
			buildConfigurationList = F2C749A818DE7E3300D9472A /* Build configuration list for PBXNativeTarget "2048" */;
			buildPhases = (
				F2C7497018DE7E3300D9472A /* Sources */,
				F2C7497118DE7E3300D9472A /* Frameworks */,
				F2C7497218DE7E3300D9472A /* Resources */,
				F228FF9918E7E3CC000F12B6 /* CopyFiles */,
				F228FF9D18E7E58C000F12B6 /* CopyFiles */,
				F228FFAA18E7E5D9000F12B6 /* CopyFiles */,
				F228FFAE18E7E5F5000F12B6 /* CopyFiles */,
			);
			buildRules = (
			);
			dependencies = (
			);
			name = 2048;
			productName = 2048;
			productReference = F2C7497418DE7E3300D9472A /* 2048.app */;
			productType = "com.apple.product-type.application";
		};
		F2C7499718DE7E3300D9472A /* 2048Tests */ = {
			isa = PBXNativeTarget;
			buildConfigurationList = F2C749AB18DE7E3300D9472A /* Build configuration list for PBXNativeTarget "2048Tests" */;
			buildPhases = (
				F2C7499418DE7E3300D9472A /* Sources */,
				F2C7499518DE7E3300D9472A /* Frameworks */,
				F2C7499618DE7E3300D9472A /* Resources */,
			);
			buildRules = (
			);
			dependencies = (
				F2C7499D18DE7E3300D9472A /* PBXTargetDependency */,
			);
			name = 2048Tests;
			productName = 2048Tests;
			productReference = F2C7499818DE7E3300D9472A /* 2048Tests.xctest */;
			productType = "com.apple.product-type.bundle.unit-test";
		};
/* End PBXNativeTarget section */

/* Begin PBXProject section */
		F2C7496C18DE7E3300D9472A /* Project object */ = {
			isa = PBXProject;
			attributes = {
				CLASSPREFIX = GTSS;
				LastUpgradeCheck = 0510;
				ORGANIZATIONNAME = gtss;
				TargetAttributes = {
					F2C7497318DE7E3300D9472A = {
						SystemCapabilities = {
							com.apple.Sandbox = {
								enabled = 0;
							};
						};
					};
					F2C7499718DE7E3300D9472A = {
						TestTargetID = F2C7497318DE7E3300D9472A;
					};
				};
			};
			buildConfigurationList = F2C7496F18DE7E3300D9472A /* Build configuration list for PBXProject "2048" */;
			compatibilityVersion = "Xcode 3.2";
			developmentRegion = English;
			hasScannedForEncodings = 0;
			knownRegions = (
				en,
				Base,
			);
			mainGroup = F2C7496B18DE7E3300D9472A;
			productRefGroup = F2C7497518DE7E3300D9472A /* Products */;
			projectDirPath = "";
			projectRoot = "";
			targets = (
				F2C7497318DE7E3300D9472A /* 2048 */,
				F2C7499718DE7E3300D9472A /* 2048Tests */,
			);
		};
/* End PBXProject section */

/* Begin PBXResourcesBuildPhase section */
		F2C7497218DE7E3300D9472A /* Resources */ = {
			isa = PBXResourcesBuildPhase;
			buildActionMask = 2147483647;
			files = (
				F2C7498218DE7E3300D9472A /* InfoPlist.strings in Resources */,
				F2C7499318DE7E3300D9472A /* Images.xcassets in Resources */,
				F2C7498818DE7E3300D9472A /* Credits.rtf in Resources */,
				F2F7A65B18EB2A4600A74527 /* 2048.iconset in Resources */,
				F2C7498E18DE7E3300D9472A /* MainMenu.xib in Resources */,
			);
			runOnlyForDeploymentPostprocessing = 0;
		};
		F2C7499618DE7E3300D9472A /* Resources */ = {
			isa = PBXResourcesBuildPhase;
			buildActionMask = 2147483647;
			files = (
				F2C749A318DE7E3300D9472A /* InfoPlist.strings in Resources */,
			);
			runOnlyForDeploymentPostprocessing = 0;
		};
/* End PBXResourcesBuildPhase section */

/* Begin PBXSourcesBuildPhase section */
		F2C7497018DE7E3300D9472A /* Sources */ = {
			isa = PBXSourcesBuildPhase;
			buildActionMask = 2147483647;
			files = (
				F2C7498418DE7E3300D9472A /* main.m in Sources */,
				F2C7499118DE7E3300D9472A /* _048.xcdatamodeld in Sources */,
				F2C7498B18DE7E3300D9472A /* GTSSAppDelegate.m in Sources */,
				F24042A418E5AC1100C5BEA6 /* GTSSGameState.c in Sources */,
			);
			runOnlyForDeploymentPostprocessing = 0;
		};
		F2C7499418DE7E3300D9472A /* Sources */ = {
			isa = PBXSourcesBuildPhase;
			buildActionMask = 2147483647;
			files = (
				F2C749A518DE7E3300D9472A /* _048Tests.m in Sources */,
			);
			runOnlyForDeploymentPostprocessing = 0;
		};
/* End PBXSourcesBuildPhase section */

/* Begin PBXTargetDependency section */
		F2C7499D18DE7E3300D9472A /* PBXTargetDependency */ = {
			isa = PBXTargetDependency;
			target = F2C7497318DE7E3300D9472A /* 2048 */;
			targetProxy = F2C7499C18DE7E3300D9472A /* PBXContainerItemProxy */;
		};
/* End PBXTargetDependency section */

/* Begin PBXVariantGroup section */
		F2C7498018DE7E3300D9472A /* InfoPlist.strings */ = {
			isa = PBXVariantGroup;
			children = (
				F2B6627018F0030B00E08247 /* Base */,
			);
			name = InfoPlist.strings;
			sourceTree = "<group>";
		};
		F2C7498618DE7E3300D9472A /* Credits.rtf */ = {
			isa = PBXVariantGroup;
			children = (
				F2B6626F18F0027C00E08247 /* Base */,
			);
			name = Credits.rtf;
			sourceTree = "<group>";
		};
		F2C7498C18DE7E3300D9472A /* MainMenu.xib */ = {
			isa = PBXVariantGroup;
			children = (
				F2C7498D18DE7E3300D9472A /* Base */,
			);
			name = MainMenu.xib;
			sourceTree = "<group>";
		};
		F2C749A118DE7E3300D9472A /* InfoPlist.strings */ = {
			isa = PBXVariantGroup;
			children = (
				F2C749A218DE7E3300D9472A /* en */,
			);
			name = InfoPlist.strings;
			sourceTree = "<group>";
		};
/* End PBXVariantGroup section */

/* Begin XCBuildConfiguration section */
		F2C749A618DE7E3300D9472A /* Debug */ = {
			isa = XCBuildConfiguration;
			buildSettings = {
				ALWAYS_SEARCH_USER_PATHS = NO;
				CLANG_CXX_LANGUAGE_STANDARD = "gnu++0x";
				CLANG_CXX_LIBRARY = "libc++";
				CLANG_ENABLE_MODULES = YES;
				CLANG_ENABLE_OBJC_ARC = YES;
				CLANG_WARN_BOOL_CONVERSION = YES;
				CLANG_WARN_CONSTANT_CONVERSION = YES;
				CLANG_WARN_DIRECT_OBJC_ISA_USAGE = YES_ERROR;
				CLANG_WARN_EMPTY_BODY = YES;
				CLANG_WARN_ENUM_CONVERSION = YES;
				CLANG_WARN_INT_CONVERSION = YES;
				CLANG_WARN_OBJC_ROOT_CLASS = YES_ERROR;
				CLANG_WARN__DUPLICATE_METHOD_MATCH = YES;
				COPY_PHASE_STRIP = NO;
				GCC_C_LANGUAGE_STANDARD = gnu99;
				GCC_DYNAMIC_NO_PIC = NO;
				GCC_ENABLE_OBJC_EXCEPTIONS = YES;
				GCC_OPTIMIZATION_LEVEL = 0;
				GCC_PREPROCESSOR_DEFINITIONS = (
					"DEBUG=1",
					"$(inherited)",
				);
				GCC_SYMBOLS_PRIVATE_EXTERN = NO;
				GCC_WARN_64_TO_32_BIT_CONVERSION = YES;
				GCC_WARN_ABOUT_RETURN_TYPE = YES_ERROR;
				GCC_WARN_UNDECLARED_SELECTOR = YES;
				GCC_WARN_UNINITIALIZED_AUTOS = YES_AGGRESSIVE;
				GCC_WARN_UNUSED_FUNCTION = YES;
				GCC_WARN_UNUSED_VARIABLE = YES;
				MACOSX_DEPLOYMENT_TARGET = 10.9;
				ONLY_ACTIVE_ARCH = YES;
				SDKROOT = macosx;
			};
			name = Debug;
		};
		F2C749A718DE7E3300D9472A /* Release */ = {
			isa = XCBuildConfiguration;
			buildSettings = {
				ALWAYS_SEARCH_USER_PATHS = NO;
				CLANG_CXX_LANGUAGE_STANDARD = "gnu++0x";
				CLANG_CXX_LIBRARY = "libc++";
				CLANG_ENABLE_MODULES = YES;
				CLANG_ENABLE_OBJC_ARC = YES;
				CLANG_WARN_BOOL_CONVERSION = YES;
				CLANG_WARN_CONSTANT_CONVERSION = YES;
				CLANG_WARN_DIRECT_OBJC_ISA_USAGE = YES_ERROR;
				CLANG_WARN_EMPTY_BODY = YES;
				CLANG_WARN_ENUM_CONVERSION = YES;
				CLANG_WARN_INT_CONVERSION = YES;
				CLANG_WARN_OBJC_ROOT_CLASS = YES_ERROR;
				CLANG_WARN__DUPLICATE_METHOD_MATCH = YES;
				COPY_PHASE_STRIP = YES;
				DEBUG_INFORMATION_FORMAT = "dwarf-with-dsym";
				ENABLE_NS_ASSERTIONS = NO;
				GCC_C_LANGUAGE_STANDARD = gnu99;
				GCC_ENABLE_OBJC_EXCEPTIONS = YES;
				GCC_WARN_64_TO_32_BIT_CONVERSION = YES;
				GCC_WARN_ABOUT_RETURN_TYPE = YES_ERROR;
				GCC_WARN_UNDECLARED_SELECTOR = YES;
				GCC_WARN_UNINITIALIZED_AUTOS = YES_AGGRESSIVE;
				GCC_WARN_UNUSED_FUNCTION = YES;
				GCC_WARN_UNUSED_VARIABLE = YES;
				MACOSX_DEPLOYMENT_TARGET = 10.9;
				SDKROOT = macosx;
			};
			name = Release;
		};
		F2C749A918DE7E3300D9472A /* Debug */ = {
			isa = XCBuildConfiguration;
			buildSettings = {
				CODE_SIGN_IDENTITY = "-";
				COMBINE_HIDPI_IMAGES = YES;
				GCC_PRECOMPILE_PREFIX_HEADER = YES;
				GCC_PREFIX_HEADER = "2048/2048-Prefix.pch";
				INFOPLIST_FILE = "2048/2048-Info.plist";
				MACOSX_DEPLOYMENT_TARGET = 10.8;
				PRODUCT_NAME = "$(TARGET_NAME)";
				WRAPPER_EXTENSION = app;
			};
			name = Debug;
		};
		F2C749AA18DE7E3300D9472A /* Release */ = {
			isa = XCBuildConfiguration;
			buildSettings = {
				CODE_SIGN_IDENTITY = "-";
				COMBINE_HIDPI_IMAGES = YES;
				GCC_PRECOMPILE_PREFIX_HEADER = YES;
				GCC_PREFIX_HEADER = "2048/2048-Prefix.pch";
				INFOPLIST_FILE = "2048/2048-Info.plist";
				MACOSX_DEPLOYMENT_TARGET = 10.8;
				PRODUCT_NAME = "$(TARGET_NAME)";
				WRAPPER_EXTENSION = app;
			};
			name = Release;
		};
		F2C749AC18DE7E3300D9472A /* Debug */ = {
			isa = XCBuildConfiguration;
			buildSettings = {
				BUNDLE_LOADER = "$(BUILT_PRODUCTS_DIR)/2048.app/Contents/MacOS/2048";
				COMBINE_HIDPI_IMAGES = YES;
				FRAMEWORK_SEARCH_PATHS = (
					"$(DEVELOPER_FRAMEWORKS_DIR)",
					"$(inherited)",
				);
				GCC_PRECOMPILE_PREFIX_HEADER = YES;
				GCC_PREFIX_HEADER = "2048/2048-Prefix.pch";
				GCC_PREPROCESSOR_DEFINITIONS = (
					"DEBUG=1",
					"$(inherited)",
				);
				INFOPLIST_FILE = "2048Tests/2048Tests-Info.plist";
				PRODUCT_NAME = "$(TARGET_NAME)";
				TEST_HOST = "$(BUNDLE_LOADER)";
				WRAPPER_EXTENSION = xctest;
			};
			name = Debug;
		};
		F2C749AD18DE7E3300D9472A /* Release */ = {
			isa = XCBuildConfiguration;
			buildSettings = {
				BUNDLE_LOADER = "$(BUILT_PRODUCTS_DIR)/2048.app/Contents/MacOS/2048";
				COMBINE_HIDPI_IMAGES = YES;
				FRAMEWORK_SEARCH_PATHS = (
					"$(DEVELOPER_FRAMEWORKS_DIR)",
					"$(inherited)",
				);
				GCC_PRECOMPILE_PREFIX_HEADER = YES;
				GCC_PREFIX_HEADER = "2048/2048-Prefix.pch";
				INFOPLIST_FILE = "2048Tests/2048Tests-Info.plist";
				PRODUCT_NAME = "$(TARGET_NAME)";
				TEST_HOST = "$(BUNDLE_LOADER)";
				WRAPPER_EXTENSION = xctest;
			};
			name = Release;
		};
/* End XCBuildConfiguration section */

/* Begin XCConfigurationList section */
		F2C7496F18DE7E3300D9472A /* Build configuration list for PBXProject "2048" */ = {
			isa = XCConfigurationList;
			buildConfigurations = (
				F2C749A618DE7E3300D9472A /* Debug */,
				F2C749A718DE7E3300D9472A /* Release */,
			);
			defaultConfigurationIsVisible = 0;
			defaultConfigurationName = Release;
		};
		F2C749A818DE7E3300D9472A /* Build configuration list for PBXNativeTarget "2048" */ = {
			isa = XCConfigurationList;
			buildConfigurations = (
				F2C749A918DE7E3300D9472A /* Debug */,
				F2C749AA18DE7E3300D9472A /* Release */,
			);
			defaultConfigurationIsVisible = 0;
			defaultConfigurationName = Release;
		};
		F2C749AB18DE7E3300D9472A /* Build configuration list for PBXNativeTarget "2048Tests" */ = {
			isa = XCConfigurationList;
			buildConfigurations = (
				F2C749AC18DE7E3300D9472A /* Debug */,
				F2C749AD18DE7E3300D9472A /* Release */,
			);
			defaultConfigurationIsVisible = 0;
			defaultConfigurationName = Release;
		};
/* End XCConfigurationList section */

/* Begin XCVersionGroup section */
		F2C7498F18DE7E3300D9472A /* _048.xcdatamodeld */ = {
			isa = XCVersionGroup;
			children = (
				F2C7499018DE7E3300D9472A /* _048.xcdatamodel */,
			);
			currentVersion = F2C7499018DE7E3300D9472A /* _048.xcdatamodel */;
			path = _048.xcdatamodeld;
			sourceTree = "<group>";
			versionGroupType = wrapper.xcdatamodel;
		};
/* End XCVersionGroup section */
	};
	rootObject = F2C7496C18DE7E3300D9472A /* Project object */;
}
